
Microsoft Visual Studio Solution File, Format Version 12.00
Project("{FAE04EC0-301F-11D3-BF4B-00C04F79EFBC}") = "Axon.Client", "Axon.Client\Axon.Client.csproj", "{4AF98E8E-3619-4024-B8A6-5AE1E556E740}"
EndProject
Project("{FAE04EC0-301F-11D3-BF4B-00C04F79EFBC}") = "Axon.Server", "Axon.Server\Axon.Server.csproj", "{A2D38329-8E60-4CDE-8E82-7B743DC02FB1}"
EndProject
Project("{FAE04EC0-301F-11D3-BF4B-00C04F79EFBC}") = "Axon.Example", "Axon.Example\Axon.Example.csproj", "{13729969-FB03-4696-9051-7C55F6C8F0FD}"
EndProject
Project("{FAE04EC0-301F-11D3-BF4B-00C04F79EFBC}") = "Axon.Core", "Axon.Core\Axon.Core.csproj", "{515CFD41-5264-4A6E-B056-39D314F2CE3F}"
EndProject
Project("{FAE04EC0-301F-11D3-BF4B-00C04F79EFBC}") = "Axon.Store.SqlServer", "Axon.Store.SqlServer\Axon.Store.SqlServer.csproj", "{32A70D82-E325-4B46-9620-EC66AEBBF764}"
EndProject
Project("{2150E333-8FDC-42A3-9474-1A3956D46DE8}") = "Workflows", "Workflows", "{7B1E9E3A-6C4D-4B8F-9A2E-3D5F6A7B8C9D}"
	ProjectSection(SolutionItems) = preProject
		.github\workflows\ci.yml = .github\workflows\ci.yml
		.github\workflows\release.yml = .github\workflows\release.yml
	EndProjectSection
EndProject
Project("{2150E333-8FDC-42A3-9474-1A3956D46DE8}") = "docs", "docs", "{47C26724-B7FC-41D9-885B-941B463B8DEB}"
	ProjectSection(SolutionItems) = preProject
		docs\architecture.md = docs\architecture.md
	EndProjectSection
EndProject
Project("{2150E333-8FDC-42A3-9474-1A3956D46DE8}") = "tests", "tests", "{7D34D4F5-61E1-465C-BA77-E01FF3948998}"
EndProject
Project("{FAE04EC0-301F-11D3-BF4B-00C04F79EFBC}") = "Axon.Tests.Unit", "tests\Axon.Tests.Unit\Axon.Tests.Unit.csproj", "{6824AFFA-1898-4FF9-A784-EA27B613BD28}"
EndProject
Project("{FAE04EC0-301F-11D3-BF4B-00C04F79EFBC}") = "Axon.Tests.Integration", "tests\Axon.Tests.Integration\Axon.Tests.Integration.csproj", "{4105353D-7355-4071-ADAE-F3E1B910325C}"
EndProject
Project("{FAE04EC0-301F-11D3-BF4B-00C04F79EFBC}") = "Axon.Server.Redis", "Axon.Server.Redis\Axon.Server.Redis.csproj", "{74077A89-5A97-4F7E-BCED-7BA33B2EDE4D}"
EndProject
Project("{FAE04EC0-301F-11D3-BF4B-00C04F79EFBC}") = "Axon.Server.OpenTelemetry", "Axon.Server.OpenTelemetry\Axon.Server.OpenTelemetry.csproj", "{083B69AB-DC2F-4EF2-8633-CDA9DA31C256}"
EndProject
Project("{2150E333-8FDC-42A3-9474-1A3956D46DE8}") = "examples", "examples", "{319AF0C7-09FA-45DC-BE48-C7E5496C7EB1}"
EndProject
Project("{FAE04EC0-301F-11D3-BF4B-00C04F79EFBC}") = "Axon.Example.Server", "examples\Axon.Example.Server\Axon.Example.Server.csproj", "{8F618709-F188-4E05-BB36-3F8F9A388664}"
EndProject
Project("{FAE04EC0-301F-11D3-BF4B-00C04F79EFBC}") = "Axon.Example.Client", "examples\Axon.Example.Client\Axon.Example.Client.csproj", "{63DE5163-11C9-4FF5-A870-FFC22E53315E}"
EndProject
Global
	GlobalSection(SolutionConfigurationPlatforms) = preSolution
		Debug|Any CPU = Debug|Any CPU
		Release|Any CPU = Release|Any CPU
	EndGlobalSection
	GlobalSection(ProjectConfigurationPlatforms) = postSolution
		{4AF98E8E-3619-4024-B8A6-5AE1E556E740}.Debug|Any CPU.ActiveCfg = Debug|Any CPU
		{4AF98E8E-3619-4024-B8A6-5AE1E556E740}.Debug|Any CPU.Build.0 = Debug|Any CPU
		{4AF98E8E-3619-4024-B8A6-5AE1E556E740}.Release|Any CPU.ActiveCfg = Release|Any CPU
		{4AF98E8E-3619-4024-B8A6-5AE1E556E740}.Release|Any CPU.Build.0 = Release|Any CPU
		{A2D38329-8E60-4CDE-8E82-7B743DC02FB1}.Debug|Any CPU.ActiveCfg = Debug|Any CPU
		{A2D38329-8E60-4CDE-8E82-7B743DC02FB1}.Debug|Any CPU.Build.0 = Debug|Any CPU
		{A2D38329-8E60-4CDE-8E82-7B743DC02FB1}.Release|Any CPU.ActiveCfg = Release|Any CPU
		{A2D38329-8E60-4CDE-8E82-7B743DC02FB1}.Release|Any CPU.Build.0 = Release|Any CPU
		{13729969-FB03-4696-9051-7C55F6C8F0FD}.Debug|Any CPU.ActiveCfg = Debug|Any CPU
		{13729969-FB03-4696-9051-7C55F6C8F0FD}.Debug|Any CPU.Build.0 = Debug|Any CPU
		{13729969-FB03-4696-9051-7C55F6C8F0FD}.Release|Any CPU.ActiveCfg = Release|Any CPU
		{13729969-FB03-4696-9051-7C55F6C8F0FD}.Release|Any CPU.Build.0 = Release|Any CPU
		{515CFD41-5264-4A6E-B056-39D314F2CE3F}.Debug|Any CPU.ActiveCfg = Debug|Any CPU
		{515CFD41-5264-4A6E-B056-39D314F2CE3F}.Debug|Any CPU.Build.0 = Debug|Any CPU
		{515CFD41-5264-4A6E-B056-39D314F2CE3F}.Release|Any CPU.ActiveCfg = Release|Any CPU
		{515CFD41-5264-4A6E-B056-39D314F2CE3F}.Release|Any CPU.Build.0 = Release|Any CPU
		{32A70D82-E325-4B46-9620-EC66AEBBF764}.Debug|Any CPU.ActiveCfg = Debug|Any CPU
		{32A70D82-E325-4B46-9620-EC66AEBBF764}.Debug|Any CPU.Build.0 = Debug|Any CPU
		{32A70D82-E325-4B46-9620-EC66AEBBF764}.Release|Any CPU.ActiveCfg = Release|Any CPU
		{32A70D82-E325-4B46-9620-EC66AEBBF764}.Release|Any CPU.Build.0 = Release|Any CPU
		{6824AFFA-1898-4FF9-A784-EA27B613BD28}.Debug|Any CPU.ActiveCfg = Debug|Any CPU
		{6824AFFA-1898-4FF9-A784-EA27B613BD28}.Debug|Any CPU.Build.0 = Debug|Any CPU
		{6824AFFA-1898-4FF9-A784-EA27B613BD28}.Release|Any CPU.ActiveCfg = Release|Any CPU
		{6824AFFA-1898-4FF9-A784-EA27B613BD28}.Release|Any CPU.Build.0 = Release|Any CPU
		{4105353D-7355-4071-ADAE-F3E1B910325C}.Debug|Any CPU.ActiveCfg = Debug|Any CPU
		{4105353D-7355-4071-ADAE-F3E1B910325C}.Debug|Any CPU.Build.0 = Debug|Any CPU
		{4105353D-7355-4071-ADAE-F3E1B910325C}.Release|Any CPU.ActiveCfg = Release|Any CPU
		{4105353D-7355-4071-ADAE-F3E1B910325C}.Release|Any CPU.Build.0 = Release|Any CPU
		{74077A89-5A97-4F7E-BCED-7BA33B2EDE4D}.Debug|Any CPU.ActiveCfg = Debug|Any CPU
		{74077A89-5A97-4F7E-BCED-7BA33B2EDE4D}.Debug|Any CPU.Build.0 = Debug|Any CPU
		{74077A89-5A97-4F7E-BCED-7BA33B2EDE4D}.Release|Any CPU.ActiveCfg = Release|Any CPU
		{74077A89-5A97-4F7E-BCED-7BA33B2EDE4D}.Release|Any CPU.Build.0 = Release|Any CPU
		{083B69AB-DC2F-4EF2-8633-CDA9DA31C256}.Debug|Any CPU.ActiveCfg = Debug|Any CPU
		{083B69AB-DC2F-4EF2-8633-CDA9DA31C256}.Debug|Any CPU.Build.0 = Debug|Any CPU
		{083B69AB-DC2F-4EF2-8633-CDA9DA31C256}.Release|Any CPU.ActiveCfg = Release|Any CPU
		{083B69AB-DC2F-4EF2-8633-CDA9DA31C256}.Release|Any CPU.Build.0 = Release|Any CPU
		{8F618709-F188-4E05-BB36-3F8F9A388664}.Debug|Any CPU.ActiveCfg = Debug|Any CPU
		{8F618709-F188-4E05-BB36-3F8F9A388664}.Debug|Any CPU.Build.0 = Debug|Any CPU
		{8F618709-F188-4E05-BB36-3F8F9A388664}.Release|Any CPU.ActiveCfg = Release|Any CPU
		{8F618709-F188-4E05-BB36-3F8F9A388664}.Release|Any CPU.Build.0 = Release|Any CPU
		{63DE5163-11C9-4FF5-A870-FFC22E53315E}.Debug|Any CPU.ActiveCfg = Debug|Any CPU
		{63DE5163-11C9-4FF5-A870-FFC22E53315E}.Debug|Any CPU.Build.0 = Debug|Any CPU
		{63DE5163-11C9-4FF5-A870-FFC22E53315E}.Release|Any CPU.ActiveCfg = Release|Any CPU
		{63DE5163-11C9-4FF5-A870-FFC22E53315E}.Release|Any CPU.Build.0 = Release|Any CPU
	EndGlobalSection
	GlobalSection(NestedProjects) = preSolution
		{6824AFFA-1898-4FF9-A784-EA27B613BD28} = {7D34D4F5-61E1-465C-BA77-E01FF3948998}
		{4105353D-7355-4071-ADAE-F3E1B910325C} = {7D34D4F5-61E1-465C-BA77-E01FF3948998}
		{8F618709-F188-4E05-BB36-3F8F9A388664} = {319AF0C7-09FA-45DC-BE48-C7E5496C7EB1}
		{63DE5163-11C9-4FF5-A870-FFC22E53315E} = {319AF0C7-09FA-45DC-BE48-C7E5496C7EB1}
	EndGlobalSection
EndGlobal
